// !$*UTF8*$!
{
	archiveVersion = 1;
	classes = {
	};
	objectVersion = 48;
	objects = {

/* Begin PBXBuildFile section */
		177FC2A6204D8C260030E250 /* HomeDataSourceController.swift in Sources */ = {isa = PBXBuildFile; fileRef = 177FC2A5204D8C260030E250 /* HomeDataSourceController.swift */; };
		177FC2AC204D912F0030E250 /* Cells.swift in Sources */ = {isa = PBXBuildFile; fileRef = 177FC2AB204D912F0030E250 /* Cells.swift */; };
		177FC2AE204D916B0030E250 /* HomeDataSource.swift in Sources */ = {isa = PBXBuildFile; fileRef = 177FC2AD204D916B0030E250 /* HomeDataSource.swift */; };
		177FC2B0204D91E80030E250 /* LaunchScreen.storyboard in Resources */ = {isa = PBXBuildFile; fileRef = 177FC2AF204D91E80030E250 /* LaunchScreen.storyboard */; };
		177FC2B2204DAF510030E250 /* User.swift in Sources */ = {isa = PBXBuildFile; fileRef = 177FC2B1204DAF510030E250 /* User.swift */; };
		177FC2B4204DB3AB0030E250 /* UserCell.swift in Sources */ = {isa = PBXBuildFile; fileRef = 177FC2B3204DB3AB0030E250 /* UserCell.swift */; };
		178CF8EE204EB88B00A3A99F /* HomeDataSourceController+navbar.swift in Sources */ = {isa = PBXBuildFile; fileRef = 178CF8ED204EB88B00A3A99F /* HomeDataSourceController+navbar.swift */; };
		17EDD66E204EC130005E1162 /* TweetCell.swift in Sources */ = {isa = PBXBuildFile; fileRef = 17EDD66D204EC130005E1162 /* TweetCell.swift */; };
		17EF7D0A204D8327004AC63C /* AppDelegate.swift in Sources */ = {isa = PBXBuildFile; fileRef = 17EF7D09204D8327004AC63C /* AppDelegate.swift */; };
		17EF7D11204D8327004AC63C /* Assets.xcassets in Resources */ = {isa = PBXBuildFile; fileRef = 17EF7D10204D8327004AC63C /* Assets.xcassets */; };
		BE892B94AA446869F9C957EC /* Pods_Twitter.framework in Frameworks */ = {isa = PBXBuildFile; fileRef = 286994BD30F4AA0A719F31BB /* Pods_Twitter.framework */; };
/* End PBXBuildFile section */

/* Begin PBXFileReference section */
		04A8FD7C3A1DBA56844E39C7 /* Pods-Twitter.debug.xcconfig */ = {isa = PBXFileReference; includeInIndex = 1; lastKnownFileType = text.xcconfig; name = "Pods-Twitter.debug.xcconfig"; path = "Pods/Target Support Files/Pods-Twitter/Pods-Twitter.debug.xcconfig"; sourceTree = "<group>"; };
		177FC2A5204D8C260030E250 /* HomeDataSourceController.swift */ = {isa = PBXFileReference; lastKnownFileType = sourcecode.swift; path = HomeDataSourceController.swift; sourceTree = "<group>"; };
		177FC2AB204D912F0030E250 /* Cells.swift */ = {isa = PBXFileReference; lastKnownFileType = sourcecode.swift; path = Cells.swift; sourceTree = "<group>"; };
		177FC2AD204D916B0030E250 /* HomeDataSource.swift */ = {isa = PBXFileReference; lastKnownFileType = sourcecode.swift; path = HomeDataSource.swift; sourceTree = "<group>"; };
		177FC2AF204D91E80030E250 /* LaunchScreen.storyboard */ = {isa = PBXFileReference; fileEncoding = 4; lastKnownFileType = file.storyboard; path = LaunchScreen.storyboard; sourceTree = "<group>"; };
		177FC2B1204DAF510030E250 /* User.swift */ = {isa = PBXFileReference; lastKnownFileType = sourcecode.swift; path = User.swift; sourceTree = "<group>"; };
		177FC2B3204DB3AB0030E250 /* UserCell.swift */ = {isa = PBXFileReference; lastKnownFileType = sourcecode.swift; path = UserCell.swift; sourceTree = "<group>"; };
		178CF8ED204EB88B00A3A99F /* HomeDataSourceController+navbar.swift */ = {isa = PBXFileReference; lastKnownFileType = sourcecode.swift; path = "HomeDataSourceController+navbar.swift"; sourceTree = "<group>"; };
		17EDD66D204EC130005E1162 /* TweetCell.swift */ = {isa = PBXFileReference; lastKnownFileType = sourcecode.swift; path = TweetCell.swift; sourceTree = "<group>"; };
		17EF7D06204D8327004AC63C /* Twitter.app */ = {isa = PBXFileReference; explicitFileType = wrapper.application; includeInIndex = 0; path = Twitter.app; sourceTree = BUILT_PRODUCTS_DIR; };
		17EF7D09204D8327004AC63C /* AppDelegate.swift */ = {isa = PBXFileReference; lastKnownFileType = sourcecode.swift; path = AppDelegate.swift; sourceTree = "<group>"; };
		17EF7D10204D8327004AC63C /* Assets.xcassets */ = {isa = PBXFileReference; lastKnownFileType = folder.assetcatalog; path = Assets.xcassets; sourceTree = "<group>"; };
		17EF7D15204D8327004AC63C /* Info.plist */ = {isa = PBXFileReference; lastKnownFileType = text.plist.xml; path = Info.plist; sourceTree = "<group>"; };
		286994BD30F4AA0A719F31BB /* Pods_Twitter.framework */ = {isa = PBXFileReference; explicitFileType = wrapper.framework; includeInIndex = 0; path = Pods_Twitter.framework; sourceTree = BUILT_PRODUCTS_DIR; };
		E76A2C3744BE55DF83D4B1F4 /* Pods-Twitter.release.xcconfig */ = {isa = PBXFileReference; includeInIndex = 1; lastKnownFileType = text.xcconfig; name = "Pods-Twitter.release.xcconfig"; path = "Pods/Target Support Files/Pods-Twitter/Pods-Twitter.release.xcconfig"; sourceTree = "<group>"; };
/* End PBXFileReference section */

/* Begin PBXFrameworksBuildPhase section */
		17EF7D03204D8327004AC63C /* Frameworks */ = {
			isa = PBXFrameworksBuildPhase;
			buildActionMask = 2147483647;
			files = (
				BE892B94AA446869F9C957EC /* Pods_Twitter.framework in Frameworks */,
			);
			runOnlyForDeploymentPostprocessing = 0;
		};
/* End PBXFrameworksBuildPhase section */

/* Begin PBXGroup section */
		01A84E4079CF6026596D058D /* Pods */ = {
			isa = PBXGroup;
			children = (
				04A8FD7C3A1DBA56844E39C7 /* Pods-Twitter.debug.xcconfig */,
				E76A2C3744BE55DF83D4B1F4 /* Pods-Twitter.release.xcconfig */,
			);
			name = Pods;
			sourceTree = "<group>";
		};
		177FC2A7204D90F10030E250 /* Controller */ = {
			isa = PBXGroup;
			children = (
				177FC2A5204D8C260030E250 /* HomeDataSourceController.swift */,
				178CF8ED204EB88B00A3A99F /* HomeDataSourceController+navbar.swift */,
			);
			path = Controller;
			sourceTree = "<group>";
		};
		177FC2A9204D911B0030E250 /* Model */ = {
			isa = PBXGroup;
			children = (
				177FC2AD204D916B0030E250 /* HomeDataSource.swift */,
				177FC2B1204DAF510030E250 /* User.swift */,
			);
			path = Model;
			sourceTree = "<group>";
		};
		177FC2AA204D91200030E250 /* View */ = {
			isa = PBXGroup;
			children = (
				177FC2B3204DB3AB0030E250 /* UserCell.swift */,
				177FC2AB204D912F0030E250 /* Cells.swift */,
				17EDD66D204EC130005E1162 /* TweetCell.swift */,
			);
			path = View;
			sourceTree = "<group>";
		};
		17EF7CFD204D8327004AC63C = {
			isa = PBXGroup;
			children = (
				17EF7D08204D8327004AC63C /* Twitter */,
				17EF7D07204D8327004AC63C /* Products */,
				01A84E4079CF6026596D058D /* Pods */,
				4C098EE6651B6058B91F3D8F /* Frameworks */,
			);
			sourceTree = "<group>";
		};
		17EF7D07204D8327004AC63C /* Products */ = {
			isa = PBXGroup;
			children = (
				17EF7D06204D8327004AC63C /* Twitter.app */,
			);
			name = Products;
			sourceTree = "<group>";
		};
		17EF7D08204D8327004AC63C /* Twitter */ = {
			isa = PBXGroup;
			children = (
				17EF7D09204D8327004AC63C /* AppDelegate.swift */,
				177FC2A9204D911B0030E250 /* Model */,
				177FC2AA204D91200030E250 /* View */,
				177FC2A7204D90F10030E250 /* Controller */,
				177FC2AF204D91E80030E250 /* LaunchScreen.storyboard */,
				17EF7D10204D8327004AC63C /* Assets.xcassets */,
				17EF7D15204D8327004AC63C /* Info.plist */,
			);
			path = Twitter;
			sourceTree = "<group>";
		};
		4C098EE6651B6058B91F3D8F /* Frameworks */ = {
			isa = PBXGroup;
			children = (
				286994BD30F4AA0A719F31BB /* Pods_Twitter.framework */,
			);
			name = Frameworks;
			sourceTree = "<group>";
		};
/* End PBXGroup section */

/* Begin PBXNativeTarget section */
		17EF7D05204D8327004AC63C /* Twitter */ = {
			isa = PBXNativeTarget;
			buildConfigurationList = 17EF7D18204D8327004AC63C /* Build configuration list for PBXNativeTarget "Twitter" */;
			buildPhases = (
				11257C7C037D9AA8C4CB1725 /* [CP] Check Pods Manifest.lock */,
				17EF7D02204D8327004AC63C /* Sources */,
				17EF7D03204D8327004AC63C /* Frameworks */,
				17EF7D04204D8327004AC63C /* Resources */,
				3E983873AC7302A0A5369221 /* [CP] Embed Pods Frameworks */,
				EC10385334BE8DE1A8006184 /* [CP] Copy Pods Resources */,
			);
			buildRules = (
			);
			dependencies = (
			);
			name = Twitter;
			productName = Twitter;
			productReference = 17EF7D06204D8327004AC63C /* Twitter.app */;
			productType = "com.apple.product-type.application";
		};
/* End PBXNativeTarget section */

/* Begin PBXProject section */
		17EF7CFE204D8327004AC63C /* Project object */ = {
			isa = PBXProject;
			attributes = {
				LastSwiftUpdateCheck = 0920;
				LastUpgradeCheck = 0920;
				ORGANIZATIONNAME = "Hamish Johnson";
				TargetAttributes = {
					17EF7D05204D8327004AC63C = {
						CreatedOnToolsVersion = 9.2;
						ProvisioningStyle = Automatic;
					};
				};
			};
			buildConfigurationList = 17EF7D01204D8327004AC63C /* Build configuration list for PBXProject "Twitter" */;
			compatibilityVersion = "Xcode 8.0";
			developmentRegion = en;
			hasScannedForEncodings = 0;
			knownRegions = (
				en,
				Base,
			);
			mainGroup = 17EF7CFD204D8327004AC63C;
			productRefGroup = 17EF7D07204D8327004AC63C /* Products */;
			projectDirPath = "";
			projectRoot = "";
			targets = (
				17EF7D05204D8327004AC63C /* Twitter */,
			);
		};
/* End PBXProject section */

/* Begin PBXResourcesBuildPhase section */
		17EF7D04204D8327004AC63C /* Resources */ = {
			isa = PBXResourcesBuildPhase;
			buildActionMask = 2147483647;
			files = (
				17EF7D11204D8327004AC63C /* Assets.xcassets in Resources */,
				177FC2B0204D91E80030E250 /* LaunchScreen.storyboard in Resources */,
			);
			runOnlyForDeploymentPostprocessing = 0;
		};
/* End PBXResourcesBuildPhase section */

/* Begin PBXShellScriptBuildPhase section */
		11257C7C037D9AA8C4CB1725 /* [CP] Check Pods Manifest.lock */ = {
			isa = PBXShellScriptBuildPhase;
			buildActionMask = 2147483647;
			files = (
			);
			inputPaths = (
				"${PODS_PODFILE_DIR_PATH}/Podfile.lock",
				"${PODS_ROOT}/Manifest.lock",
			);
			name = "[CP] Check Pods Manifest.lock";
			outputPaths = (
				"$(DERIVED_FILE_DIR)/Pods-Twitter-checkManifestLockResult.txt",
			);
			runOnlyForDeploymentPostprocessing = 0;
			shellPath = /bin/sh;
			shellScript = "diff \"${PODS_PODFILE_DIR_PATH}/Podfile.lock\" \"${PODS_ROOT}/Manifest.lock\" > /dev/null\nif [ $? != 0 ] ; then\n    # print error to STDERR\n    echo \"error: The sandbox is not in sync with the Podfile.lock. Run 'pod install' or update your CocoaPods installation.\" >&2\n    exit 1\nfi\n# This output is used by Xcode 'outputs' to avoid re-running this script phase.\necho \"SUCCESS\" > \"${SCRIPT_OUTPUT_FILE_0}\"\n";
			showEnvVarsInLog = 0;
		};
		3E983873AC7302A0A5369221 /* [CP] Embed Pods Frameworks */ = {
			isa = PBXShellScriptBuildPhase;
			buildActionMask = 2147483647;
			files = (
			);
			inputPaths = (
				"${SRCROOT}/Pods/Target Support Files/Pods-Twitter/Pods-Twitter-frameworks.sh",
				"${BUILT_PRODUCTS_DIR}/LBTAComponents/LBTAComponents.framework",
			);
			name = "[CP] Embed Pods Frameworks";
			outputPaths = (
				"${TARGET_BUILD_DIR}/${FRAMEWORKS_FOLDER_PATH}/LBTAComponents.framework",
			);
			runOnlyForDeploymentPostprocessing = 0;
			shellPath = /bin/sh;
			shellScript = "\"${SRCROOT}/Pods/Target Support Files/Pods-Twitter/Pods-Twitter-frameworks.sh\"\n";
			showEnvVarsInLog = 0;
		};
		EC10385334BE8DE1A8006184 /* [CP] Copy Pods Resources */ = {
			isa = PBXShellScriptBuildPhase;
			buildActionMask = 2147483647;
			files = (
			);
			inputPaths = (
			);
			name = "[CP] Copy Pods Resources";
			outputPaths = (
			);
			runOnlyForDeploymentPostprocessing = 0;
			shellPath = /bin/sh;
			shellScript = "\"${SRCROOT}/Pods/Target Support Files/Pods-Twitter/Pods-Twitter-resources.sh\"\n";
			showEnvVarsInLog = 0;
		};
/* End PBXShellScriptBuildPhase section */

/* Begin PBXSourcesBuildPhase section */
		17EF7D02204D8327004AC63C /* Sources */ = {
			isa = PBXSourcesBuildPhase;
			buildActionMask = 2147483647;
			files = (
				177FC2AE204D916B0030E250 /* HomeDataSource.swift in Sources */,
				177FC2A6204D8C260030E250 /* HomeDataSourceController.swift in Sources */,
				177FC2B4204DB3AB0030E250 /* UserCell.swift in Sources */,
				17EDD66E204EC130005E1162 /* TweetCell.swift in Sources */,
				177FC2AC204D912F0030E250 /* Cells.swift in Sources */,
				177FC2B2204DAF510030E250 /* User.swift in Sources */,
				17EF7D0A204D8327004AC63C /* AppDelegate.swift in Sources */,
				178CF8EE204EB88B00A3A99F /* HomeDataSourceController+navbar.swift in Sources */,
			);
			runOnlyForDeploymentPostprocessing = 0;
		};
/* End PBXSourcesBuildPhase section */

/* Begin XCBuildConfiguration section */
		17EF7D16204D8327004AC63C /* Debug */ = {
			isa = XCBuildConfiguration;
			buildSettings = {
				ALWAYS_SEARCH_USER_PATHS = NO;
				CLANG_ANALYZER_NONNULL = YES;
				CLANG_ANALYZER_NUMBER_OBJECT_CONVERSION = YES_AGGRESSIVE;
				CLANG_CXX_LANGUAGE_STANDARD = "gnu++14";
				CLANG_CXX_LIBRARY = "libc++";
				CLANG_ENABLE_MODULES = YES;
				CLANG_ENABLE_OBJC_ARC = YES;
				CLANG_WARN_BLOCK_CAPTURE_AUTORELEASING = YES;
				CLANG_WARN_BOOL_CONVERSION = YES;
				CLANG_WARN_COMMA = YES;
				CLANG_WARN_CONSTANT_CONVERSION = YES;
				CLANG_WARN_DIRECT_OBJC_ISA_USAGE = YES_ERROR;
				CLANG_WARN_DOCUMENTATION_COMMENTS = YES;
				CLANG_WARN_EMPTY_BODY = YES;
				CLANG_WARN_ENUM_CONVERSION = YES;
				CLANG_WARN_INFINITE_RECURSION = YES;
				CLANG_WARN_INT_CONVERSION = YES;
				CLANG_WARN_NON_LITERAL_NULL_CONVERSION = YES;
				CLANG_WARN_OBJC_LITERAL_CONVERSION = YES;
				CLANG_WARN_OBJC_ROOT_CLASS = YES_ERROR;
				CLANG_WARN_RANGE_LOOP_ANALYSIS = YES;
				CLANG_WARN_STRICT_PROTOTYPES = YES;
				CLANG_WARN_SUSPICIOUS_MOVE = YES;
				CLANG_WARN_UNGUARDED_AVAILABILITY = YES_AGGRESSIVE;
				CLANG_WARN_UNREACHABLE_CODE = YES;
				CLANG_WARN__DUPLICATE_METHOD_MATCH = YES;
				CODE_SIGN_IDENTITY = "iPhone Developer";
				COPY_PHASE_STRIP = NO;
				DEBUG_INFORMATION_FORMAT = dwarf;
				ENABLE_STRICT_OBJC_MSGSEND = YES;
				ENABLE_TESTABILITY = YES;
				GCC_C_LANGUAGE_STANDARD = gnu11;
				GCC_DYNAMIC_NO_PIC = NO;
				GCC_NO_COMMON_BLOCKS = YES;
				GCC_OPTIMIZATION_LEVEL = 0;
				GCC_PREPROCESSOR_DEFINITIONS = (
					"DEBUG=1",
					"$(inherited)",
				);
				GCC_WARN_64_TO_32_BIT_CONVERSION = YES;
				GCC_WARN_ABOUT_RETURN_TYPE = YES_ERROR;
				GCC_WARN_UNDECLARED_SELECTOR = YES;
				GCC_WARN_UNINITIALIZED_AUTOS = YES_AGGRESSIVE;
				GCC_WARN_UNUSED_FUNCTION = YES;
				GCC_WARN_UNUSED_VARIABLE = YES;
				IPHONEOS_DEPLOYMENT_TARGET = 11.2;
				MTL_ENABLE_DEBUG_INFO = YES;
				ONLY_ACTIVE_ARCH = YES;
				SDKROOT = iphoneos;
				SWIFT_ACTIVE_COMPILATION_CONDITIONS = DEBUG;
				SWIFT_OPTIMIZATION_LEVEL = "-Onone";
			};
			name = Debug;
		};
		17EF7D17204D8327004AC63C /* Release */ = {
			isa = XCBuildConfiguration;
			buildSettings = {
				ALWAYS_SEARCH_USER_PATHS = NO;
				CLANG_ANALYZER_NONNULL = YES;
				CLANG_ANALYZER_NUMBER_OBJECT_CONVERSION = YES_AGGRESSIVE;
				CLANG_CXX_LANGUAGE_STANDARD = "gnu++14";
				CLANG_CXX_LIBRARY = "libc++";
				CLANG_ENABLE_MODULES = YES;
				CLANG_ENABLE_OBJC_ARC = YES;
				CLANG_WARN_BLOCK_CAPTURE_AUTORELEASING = YES;
				CLANG_WARN_BOOL_CONVERSION = YES;
				CLANG_WARN_COMMA = YES;
				CLANG_WARN_CONSTANT_CONVERSION = YES;
				CLANG_WARN_DIRECT_OBJC_ISA_USAGE = YES_ERROR;
				CLANG_WARN_DOCUMENTATION_COMMENTS = YES;
				CLANG_WARN_EMPTY_BODY = YES;
				CLANG_WARN_ENUM_CONVERSION = YES;
				CLANG_WARN_INFINITE_RECURSION = YES;
				CLANG_WARN_INT_CONVERSION = YES;
				CLANG_WARN_NON_LITERAL_NULL_CONVERSION = YES;
				CLANG_WARN_OBJC_LITERAL_CONVERSION = YES;
				CLANG_WARN_OBJC_ROOT_CLASS = YES_ERROR;
				CLANG_WARN_RANGE_LOOP_ANALYSIS = YES;
				CLANG_WARN_STRICT_PROTOTYPES = YES;
				CLANG_WARN_SUSPICIOUS_MOVE = YES;
				CLANG_WARN_UNGUARDED_AVAILABILITY = YES_AGGRESSIVE;
				CLANG_WARN_UNREACHABLE_CODE = YES;
				CLANG_WARN__DUPLICATE_METHOD_MATCH = YES;
				CODE_SIGN_IDENTITY = "iPhone Developer";
				COPY_PHASE_STRIP = NO;
				DEBUG_INFORMATION_FORMAT = "dwarf-with-dsym";
				ENABLE_NS_ASSERTIONS = NO;
				ENABLE_STRICT_OBJC_MSGSEND = YES;
				GCC_C_LANGUAGE_STANDARD = gnu11;
				GCC_NO_COMMON_BLOCKS = YES;
				GCC_WARN_64_TO_32_BIT_CONVERSION = YES;
				GCC_WARN_ABOUT_RETURN_TYPE = YES_ERROR;
				GCC_WARN_UNDECLARED_SELECTOR = YES;
				GCC_WARN_UNINITIALIZED_AUTOS = YES_AGGRESSIVE;
				GCC_WARN_UNUSED_FUNCTION = YES;
				GCC_WARN_UNUSED_VARIABLE = YES;
				IPHONEOS_DEPLOYMENT_TARGET = 11.2;
				MTL_ENABLE_DEBUG_INFO = NO;
				SDKROOT = iphoneos;
				SWIFT_OPTIMIZATION_LEVEL = "-Owholemodule";
				VALIDATE_PRODUCT = YES;
			};
			name = Release;
		};
		17EF7D19204D8327004AC63C /* Debug */ = {
			isa = XCBuildConfiguration;
			baseConfigurationReference = 04A8FD7C3A1DBA56844E39C7 /* Pods-Twitter.debug.xcconfig */;
			buildSettings = {
				ASSETCATALOG_COMPILER_APPICON_NAME = AppIcon;
				CODE_SIGN_STYLE = Automatic;
				DEVELOPMENT_TEAM = UDCW28VB9U;
				INFOPLIST_FILE = Twitter/Info.plist;
				LD_RUNPATH_SEARCH_PATHS = "$(inherited) @executable_path/Frameworks";
				PRODUCT_BUNDLE_IDENTIFIER = io.magpiedigital.Twitter;
				PRODUCT_NAME = "$(TARGET_NAME)";
				SWIFT_VERSION = 4.0;
				TARGETED_DEVICE_FAMILY = "1,2";
			};
			name = Debug;
		};
		17EF7D1A204D8327004AC63C /* Release */ = {
			isa = XCBuildConfiguration;
			baseConfigurationReference = E76A2C3744BE55DF83D4B1F4 /* Pods-Twitter.release.xcconfig */;
			buildSettings = {
				ASSETCATALOG_COMPILER_APPICON_NAME = AppIcon;
				CODE_SIGN_STYLE = Automatic;
				DEVELOPMENT_TEAM = UDCW28VB9U;
				INFOPLIST_FILE = Twitter/Info.plist;
				LD_RUNPATH_SEARCH_PATHS = "$(inherited) @executable_path/Frameworks";
				PRODUCT_BUNDLE_IDENTIFIER = io.magpiedigital.Twitter;
				PRODUCT_NAME = "$(TARGET_NAME)";
				SWIFT_VERSION = 4.0;
				TARGETED_DEVICE_FAMILY = "1,2";
			};
			name = Release;
		};
/* End XCBuildConfiguration section */

/* Begin XCConfigurationList section */
		17EF7D01204D8327004AC63C /* Build configuration list for PBXProject "Twitter" */ = {
			isa = XCConfigurationList;
			buildConfigurations = (
				17EF7D16204D8327004AC63C /* Debug */,
				17EF7D17204D8327004AC63C /* Release */,
			);
			defaultConfigurationIsVisible = 0;
			defaultConfigurationName = Release;
		};
		17EF7D18204D8327004AC63C /* Build configuration list for PBXNativeTarget "Twitter" */ = {
			isa = XCConfigurationList;
			buildConfigurations = (
				17EF7D19204D8327004AC63C /* Debug */,
				17EF7D1A204D8327004AC63C /* Release */,
			);
			defaultConfigurationIsVisible = 0;
			defaultConfigurationName = Release;
		};
/* End XCConfigurationList section */
	};
	rootObject = 17EF7CFE204D8327004AC63C /* Project object */;
}
